{
  "name": "unsloth-oxc-validator-runtime",
  "version": "0.0.1",
  "lockfileVersion": 3,
  "requires": true,
  "packages": {
    "": {
      "name": "unsloth-oxc-validator-runtime",
      "version": "0.0.1",
      "dependencies": {
        "oxc-parser": "^0.133.0",
        "oxlint": "^1.67.0"
      }
    },
    "node_modules/@emnapi/core": {
      "version": "1.10.0",
      "resolved": "https://registry.npmjs.org/@emnapi/core/-/core-1.10.0.tgz",
      "integrity": "sha512-yq6OkJ4p82CAfPl0u9mQebQHKPJkY7WrIuk205cTYnYe+k2Z8YBh11FrbRG/H6ihirqcacOgl2BIO8oyMQLeXw==",
      "license": "MIT",
      "optional": true,
      "dependencies": {
        "@emnapi/wasi-threads": "1.2.1",
        "tslib": "^2.4.0"
      }
    },
    "node_modules/@emnapi/runtime": {
      "version": "1.10.0",
      "resolved": "https://registry.npmjs.org/@emnapi/runtime/-/runtime-1.10.0.tgz",
      "integrity": "sha512-ewvYlk86xUoGI0zQRNq/mC+16R1QeDlKQy21Ki3oSYXNgLb45GV1P6A0M+/s6nyCuNDqe5VpaY84BzXGwVbwFA==",
      "license": "MIT",
      "optional": true,
      "dependencies": {
        "tslib": "^2.4.0"
      }
    },
    "node_modules/@emnapi/wasi-threads": {
      "version": "1.2.1",
      "resolved": "https://registry.npmjs.org/@emnapi/wasi-threads/-/wasi-threads-1.2.1.tgz",
      "integrity": "sha512-uTII7OYF+/Mes/MrcIOYp5yOtSMLBWSIoLPpcgwipoiKbli6k322tcoFsxoIIxPDqW01SQGAgko4EzZi2BNv2w==",
      "license": "MIT",
      "optional": true,
      "dependencies": {
        "tslib": "^2.4.0"
      }
    },
    "node_modules/@napi-rs/wasm-runtime": {
      "version": "1.1.4",
      "resolved": "https://registry.npmjs.org/@napi-rs/wasm-runtime/-/wasm-runtime-1.1.4.tgz",
      "integrity": "sha512-3NQNNgA1YSlJb/kMH1ildASP9HW7/7kYnRI2szWJaofaS1hWmbGI4H+d3+22aGzXXN9IJ+n+GiFVcGipJP18ow==",
      "license": "MIT",
      "optional": true,
      "dependencies": {
        "@tybys/wasm-util": "^0.10.1"
      },
      "funding": {
        "type": "github",
        "url": "https://github.com/sponsors/Brooooooklyn"
      },
      "peerDependencies": {
        "@emnapi/core": "^1.7.1",
        "@emnapi/runtime": "^1.7.1"
      }
    },
    "node_modules/@oxc-parser/binding-android-arm-eabi": {
      "version": "0.133.0",
      "resolved": "https://registry.npmjs.org/@oxc-parser/binding-android-arm-eabi/-/binding-android-arm-eabi-0.133.0.tgz",
      "integrity": "sha512-l/44caGse+VpnY9gx0yvvc5QnnG3yG1FO3KZgYvNL1GZrfK86zIwAOgGEVlxDyRymzrU/KHiblPFpevKOmJmUA==",
      "cpu": [
        "arm"
      ],
      "license": "MIT",
      "optional": true,
      "os": [
        "android"
      ],
      "engines": {
        "node": "^20.19.0 || >=22.12.0"
      }
    },
    "node_modules/@oxc-parser/binding-android-arm64": {
      "version": "0.133.0",
      "resolved": "https://registry.npmjs.org/@oxc-parser/binding-android-arm64/-/binding-android-arm64-0.133.0.tgz",
      "integrity": "sha512-KUHmPMziLBp4u+zbrLdB7iWS7KshuZe+RAp7ELnY9SI9nNXBZ+dp8fiBqWOxhXqn+FQg3a4UcQhwmsJOKV8Jjg==",
      "cpu": [
        "arm64"
      ],
      "license": "MIT",
      "optional": true,
      "os": [
        "android"
      ],
      "engines": {
        "node": "^20.19.0 || >=22.12.0"
      }
    },
    "node_modules/@oxc-parser/binding-darwin-arm64": {
      "version": "0.133.0",
      "resolved": "https://registry.npmjs.org/@oxc-parser/binding-darwin-arm64/-/binding-darwin-arm64-0.133.0.tgz",
      "integrity": "sha512-q8dWmnU/8ea2tga9w2f1PinQ5rcMPDUGkF64T189b65YMjUomET4oy5oRldOr4AwOQkneOG/Zttnz1Dvrc62wg==",
      "cpu": [
        "arm64"
      ],
      "license": "MIT",
      "optional": true,
      "os": [
        "darwin"
      ],
      "engines": {
        "node": "^20.19.0 || >=22.12.0"
      }
    },
    "node_modules/@oxc-parser/binding-darwin-x64": {
      "version": "0.133.0",
      "resolved": "https://registry.npmjs.org/@oxc-parser/binding-darwin-x64/-/binding-darwin-x64-0.133.0.tgz",
      "integrity": "sha512-cOKeIELIB2bJnCKwqx4Rdj+1Lss/U6uCbLxRySZrhyOOQa1flKhwZFjEHRHxk8fU1NKmhK5OnTdPQ4CpjuFuVw==",
      "cpu": [
        "x64"
      ],
      "license": "MIT",
      "optional": true,
      "os": [
        "darwin"
      ],
      "engines": {
        "node": "^20.19.0 || >=22.12.0"
      }
    },
    "node_modules/@oxc-parser/binding-freebsd-x64": {
      "version": "0.133.0",
      "resolved": "https://registry.npmjs.org/@oxc-parser/binding-freebsd-x64/-/binding-freebsd-x64-0.133.0.tgz",
      "integrity": "sha512-OpaSv4pW3KgFrMYQxTaS0aOE4T1DQF3qZE/4B6uqqv1KgPWWd4UQhJALi8PJPX1RRV5K7ThKXRfF7qGg2+3l1A==",
      "cpu": [
        "x64"
      ],
      "license": "MIT",
      "optional": true,
      "os": [
        "freebsd"
      ],
      "engines": {
        "node": "^20.19.0 || >=22.12.0"
      }
    },
    "node_modules/@oxc-parser/binding-linux-arm-gnueabihf": {
      "version": "0.133.0",
      "resolved": "https://registry.npmjs.org/@oxc-parser/binding-linux-arm-gnueabihf/-/binding-linux-arm-gnueabihf-0.133.0.tgz",
      "integrity": "sha512-JGK1wlGrGwxBIlVSF7KWTX1/ru6BEtf28fRROztDRkLfiW+Kxa4onnriezMIiogfn9hVw2KzYcKiLjkLR2ns8A==",
      "cpu": [
        "arm"
      ],
      "license": "MIT",
      "optional": true,
      "os": [
        "linux"
      ],
      "engines": {
        "node": "^20.19.0 || >=22.12.0"
      }
    },
    "node_modules/@oxc-parser/binding-linux-arm-musleabihf": {
      "version": "0.133.0",
      "resolved": "https://registry.npmjs.org/@oxc-parser/binding-linux-arm-musleabihf/-/binding-linux-arm-musleabihf-0.133.0.tgz",
      "integrity": "sha512-yuZO533Ftonxn/iyoqQzURzLQHMspvsIyfiCSNi1t/ER4eIQaR0SsmUOUm5b/lmSig7IWIUa5/BrbEkAPwcilQ==",
      "cpu": [
        "arm"
      ],
      "license": "MIT",
      "optional": true,
      "os": [
        "linux"
      ],
      "engines": {
        "node": "^20.19.0 || >=22.12.0"
      }
    },
    "node_modules/@oxc-parser/binding-linux-arm64-gnu": {
      "version": "0.133.0",
      "resolved": "https://registry.npmjs.org/@oxc-parser/binding-linux-arm64-gnu/-/binding-linux-arm64-gnu-0.133.0.tgz",
      "integrity": "sha512-hvpbqT5pN2rR+3+xtWeizwfR/aZ0vGceg6TqYMl+ToxMpk9/tmnX7kSvQnfEUkoua8mhogzvIKsAkn0wxgblBA==",
      "cpu": [
        "arm64"
      ],
      "license": "MIT",
      "optional": true,
      "os": [
        "linux"
      ],
      "engines": {
        "node": "^20.19.0 || >=22.12.0"
      }
    },
    "node_modules/@oxc-parser/binding-linux-arm64-musl": {
      "version": "0.133.0",
      "resolved": "https://registry.npmjs.org/@oxc-parser/binding-linux-arm64-musl/-/binding-linux-arm64-musl-0.133.0.tgz",
      "integrity": "sha512-wJQGamIosQBoJHW9+S5XxrtKRo3eyJxsnS1XCPrqN0LHi8uw1pTqqTfn3t/NVuvbBg7Pumn4ez9Eidgcn0xbEg==",
      "cpu": [
        "arm64"
      ],
      "license": "MIT",
      "optional": true,
      "os": [
        "linux"
      ],
      "engines": {
        "node": "^20.19.0 || >=22.12.0"
      }
    },
    "node_modules/@oxc-parser/binding-linux-ppc64-gnu": {
      "version": "0.133.0",
      "resolved": "https://registry.npmjs.org/@oxc-parser/binding-linux-ppc64-gnu/-/binding-linux-ppc64-gnu-0.133.0.tgz",
      "integrity": "sha512-Koaz32/O5+abIfrNGdyndgRvdOZ9jEf5/z3Ep9h3h2QWpdDiUQpVwgH0OcMXCs+l9aXxPLtkupqyVig9W6FDKw==",
      "cpu": [
        "ppc64"
      ],
      "license": "MIT",
      "optional": true,
      "os": [
        "linux"
      ],
      "engines": {
        "node": "^20.19.0 || >=22.12.0"
      }
    },
    "node_modules/@oxc-parser/binding-linux-riscv64-gnu": {
      "version": "0.133.0",
      "resolved": "https://registry.npmjs.org/@oxc-parser/binding-linux-riscv64-gnu/-/binding-linux-riscv64-gnu-0.133.0.tgz",
      "integrity": "sha512-R4vOjWzxhnNWHnVLeiB6jNuIifdy9vcMXZGPc7StXcxBovI+U2zg1QhZ9o8OjV80oGivs1lX5NfPLzk4IPqlRA==",
      "cpu": [
        "riscv64"
      ],
      "license": "MIT",
      "optional": true,
      "os": [
        "linux"
      ],
      "engines": {
        "node": "^20.19.0 || >=22.12.0"
      }
    },
    "node_modules/@oxc-parser/binding-linux-riscv64-musl": {
      "version": "0.133.0",
      "resolved": "https://registry.npmjs.org/@oxc-parser/binding-linux-riscv64-musl/-/binding-linux-riscv64-musl-0.133.0.tgz",
      "integrity": "sha512-iwgBNUTHiMdxARLYuM0SBlnYeb19iw1Ea5M+4ERZupCsBMLArti6FyZ6UfFjJxIiTDr2oW2DGQFxlQVQ/dW9rA==",
      "cpu": [
        "riscv64"
      ],
      "license": "MIT",
      "optional": true,
      "os": [
        "linux"
      ],
      "engines": {
        "node": "^20.19.0 || >=22.12.0"
      }
    },
    "node_modules/@oxc-parser/binding-linux-s390x-gnu": {
      "version": "0.133.0",
      "resolved": "https://registry.npmjs.org/@oxc-parser/binding-linux-s390x-gnu/-/binding-linux-s390x-gnu-0.133.0.tgz",
      "integrity": "sha512-ZwZNo8FZmB/gVfboQl+wXilBigGl+6nQQs+nITOeAP/HcAOjiHl6XZJL9F/KXNEspODQcbjAiyjUbeCJd9a0fA==",
      "cpu": [
        "s390x"
      ],
      "license": "MIT",
      "optional": true,
      "os": [
        "linux"
      ],
      "engines": {
        "node": "^20.19.0 || >=22.12.0"
      }
    },
    "node_modules/@oxc-parser/binding-linux-x64-gnu": {
      "version": "0.133.0",
      "resolved": "https://registry.npmjs.org/@oxc-parser/binding-linux-x64-gnu/-/binding-linux-x64-gnu-0.133.0.tgz",
      "integrity": "sha512-govCvWx1dBlED3uu4qXctxpRcouu9I8Kn+DBktGCl760JtlGJzc9l/OmPJKlYWSbrRqKkMZehNeZ/4Wfma7uSA==",
      "cpu": [
        "x64"
      ],
      "license": "MIT",
      "optional": true,
      "os": [
        "linux"
      ],
      "engines": {
        "node": "^20.19.0 || >=22.12.0"
      }
    },
    "node_modules/@oxc-parser/binding-linux-x64-musl": {
      "version": "0.133.0",
      "resolved": "https://registry.npmjs.org/@oxc-parser/binding-linux-x64-musl/-/binding-linux-x64-musl-0.133.0.tgz",
      "integrity": "sha512-ssTlpXD5Mq9uCssDJPzlRWqBt4Y7Zzd9i+XZhWmK/9Y6KUIuAxVYTYiI8lxcGWi0+3/Cz4A8q9UrD4NK9Y2j7g==",
      "cpu": [
        "x64"
      ],
      "license": "MIT",
      "optional": true,
      "os": [
        "linux"
      ],
      "engines": {
        "node": "^20.19.0 || >=22.12.0"
      }
    },
    "node_modules/@oxc-parser/binding-openharmony-arm64": {
      "version": "0.133.0",
      "resolved": "https://registry.npmjs.org/@oxc-parser/binding-openharmony-arm64/-/binding-openharmony-arm64-0.133.0.tgz",
      "integrity": "sha512-51aByfXhPtLEdWG4a2Ihdw6cPWV1ei1AarALpFdDP8MLWDLE2NuUMgbo3DERR2Kt8fT/ok1GUvBiLxVGke9uUQ==",
      "cpu": [
        "arm64"
      ],
      "license": "MIT",
      "optional": true,
      "os": [
        "openharmony"
      ],
      "engines": {
        "node": "^20.19.0 || >=22.12.0"
      }
    },
    "node_modules/@oxc-parser/binding-wasm32-wasi": {
      "version": "0.133.0",
      "resolved": "https://registry.npmjs.org/@oxc-parser/binding-wasm32-wasi/-/binding-wasm32-wasi-0.133.0.tgz",
      "integrity": "sha512-2e16tkKp+wDO2GTAmXfxbBcCmGEaFPIJEIRBBmVKNVXSc8/fJsSIaBGyFTPHM9ST5GNWgJcYIt94rDTks+PLwA==",
      "cpu": [
        "wasm32"
      ],
      "license": "MIT",
      "optional": true,
      "dependencies": {
        "@emnapi/core": "1.10.0",
        "@emnapi/runtime": "1.10.0",
        "@napi-rs/wasm-runtime": "^1.1.4"
      },
      "engines": {
        "node": "^20.19.0 || >=22.12.0"
      }
    },
    "node_modules/@oxc-parser/binding-win32-arm64-msvc": {
      "version": "0.133.0",
      "resolved": "https://registry.npmjs.org/@oxc-parser/binding-win32-arm64-msvc/-/binding-win32-arm64-msvc-0.133.0.tgz",
      "integrity": "sha512-KPTNDKbxH1cglrqTyVeXHb4Pk4oksz8EcE1/v8zqU7N4UXbiHfA/IwtXZ2U77fnRAWBbgVkl/lZbL7o3hRdejg==",
      "cpu": [
        "arm64"
      ],
      "license": "MIT",
      "optional": true,
      "os": [
        "win32"
      ],
      "engines": {
        "node": "^20.19.0 || >=22.12.0"
      }
    },
    "node_modules/@oxc-parser/binding-win32-ia32-msvc": {
      "version": "0.133.0",
      "resolved": "https://registry.npmjs.org/@oxc-parser/binding-win32-ia32-msvc/-/binding-win32-ia32-msvc-0.133.0.tgz",
      "integrity": "sha512-Una1bNYv9zCavQrfnDR9wuZVB3itLjCEH4Oz7i6CwAJN/Xq9b+zbbcxmvdkKvvJt4Ngc/MBmIYlbLo3zS4TQ0A==",
      "cpu": [
        "ia32"
      ],
      "license": "MIT",
      "optional": true,
      "os": [
        "win32"
      ],
      "engines": {
        "node": "^20.19.0 || >=22.12.0"
      }
    },
    "node_modules/@oxc-parser/binding-win32-x64-msvc": {
      "version": "0.133.0",
      "resolved": "https://registry.npmjs.org/@oxc-parser/binding-win32-x64-msvc/-/binding-win32-x64-msvc-0.133.0.tgz",
      "integrity": "sha512-kjBhCiOGSYTwDJQuuZa7a94JbP8htWu7J0X1KwH74kV2K5eYf6eyJRYmkpCDvr0XEL8tMxYI4WU1VekblFCLgg==",
      "cpu": [
        "x64"
      ],
      "license": "MIT",
      "optional": true,
      "os": [
        "win32"
      ],
      "engines": {
        "node": "^20.19.0 || >=22.12.0"
      }
    },
    "node_modules/@oxc-project/types": {
      "version": "0.133.0",
      "resolved": "https://registry.npmjs.org/@oxc-project/types/-/types-0.133.0.tgz",
      "integrity": "sha512-KzkdCd6Uxqnf6l3HOw1xfatAlUURA0g14cvBYFyJ5SaNOQbOUvBr9PKArcPcrNIeRsBdgcUzOGrhKveVpvOIGA==",
      "license": "MIT",
      "funding": {
        "url": "https://github.com/sponsors/Boshen"
      }
    },
    "node_modules/@oxlint/binding-android-arm-eabi": {
      "version": "1.67.0",
      "resolved": "https://registry.npmjs.org/@oxlint/binding-android-arm-eabi/-/binding-android-arm-eabi-1.67.0.tgz",
      "integrity": "sha512-VrSi571rDv1N8HaEDM+DEX8nmT0y9jJo8tzzW13vsOWTx59xQczCIJx68n2zWOXRT5YKZsOZXp4qkHN/10x4mw==",
      "cpu": [
        "arm"
      ],
      "license": "MIT",
      "optional": true,
      "os": [
        "android"
      ],
      "engines": {
        "node": "^20.19.0 || >=22.12.0"
      }
    },
    "node_modules/@oxlint/binding-android-arm64": {
      "version": "1.67.0",
      "resolved": "https://registry.npmjs.org/@oxlint/binding-android-arm64/-/binding-android-arm64-1.67.0.tgz",
      "integrity": "sha512-l6+NdYxMoRohix5r5bbigW16LPicceCwGcQ6LKKuE1kUdjgFfQolJjrJsQYPFetIs78Gxj/G/f5TEGoTCwj9nQ==",
      "cpu": [
        "arm64"
      ],
      "license": "MIT",
      "optional": true,
      "os": [
        "android"
      ],
      "engines": {
        "node": "^20.19.0 || >=22.12.0"
      }
    },
    "node_modules/@oxlint/binding-darwin-arm64": {
      "version": "1.67.0",
      "resolved": "https://registry.npmjs.org/@oxlint/binding-darwin-arm64/-/binding-darwin-arm64-1.67.0.tgz",
      "integrity": "sha512-jOzXxS1AxFxhImLIRbtGIMrEwaXcgMw3gR57WB1cRk8ai+vpr6726kxXqVvlNsrXtJ/FrmOm8RxlC0m8SW24Qg==",
      "cpu": [
        "arm64"
      ],
      "license": "MIT",
      "optional": true,
      "os": [
        "darwin"
      ],
      "engines": {
        "node": "^20.19.0 || >=22.12.0"
      }
    },
    "node_modules/@oxlint/binding-darwin-x64": {
      "version": "1.67.0",
      "resolved": "https://registry.npmjs.org/@oxlint/binding-darwin-x64/-/binding-darwin-x64-1.67.0.tgz",
      "integrity": "sha512-3DFAVY94OqjIZHXIPz37yGRSWwOFTAqChQ64/M69GYLawzP0KiwdhDNfqdKKYT0bTR/DNxmMnQsj3ns+8+X/Lg==",
      "cpu": [
        "x64"
      ],
      "license": "MIT",
      "optional": true,
      "os": [
        "darwin"
      ],
      "engines": {
        "node": "^20.19.0 || >=22.12.0"
      }
    },
    "node_modules/@oxlint/binding-freebsd-x64": {
      "version": "1.67.0",
      "resolved": "https://registry.npmjs.org/@oxlint/binding-freebsd-x64/-/binding-freebsd-x64-1.67.0.tgz",
      "integrity": "sha512-e4dDKZuLu8TR9DEBssWSDahlPgZBwojTTHZUvnjBRJfJJbpxYCjfjKfi0Z1+CSLMiJBwI2yCDtRM1XJQaARjmg==",
      "cpu": [
        "x64"
      ],
      "license": "MIT",
      "optional": true,
      "os": [
        "freebsd"
      ],
      "engines": {
        "node": "^20.19.0 || >=22.12.0"
      }
    },
    "node_modules/@oxlint/binding-linux-arm-gnueabihf": {
      "version": "1.67.0",
      "resolved": "https://registry.npmjs.org/@oxlint/binding-linux-arm-gnueabihf/-/binding-linux-arm-gnueabihf-1.67.0.tgz",
      "integrity": "sha512-BKytFdcQzbITV3xlnzDUDTEDtbUMCCiC4EaNTDZ4FyT8gdNvBC4gfiLucXp/sQl0XU3p7syTlorUWVVVBZab2g==",
      "cpu": [
        "arm"
      ],
      "license": "MIT",
      "optional": true,
      "os": [
        "linux"
      ],
      "engines": {
        "node": "^20.19.0 || >=22.12.0"
      }
    },
    "node_modules/@oxlint/binding-linux-arm-musleabihf": {
      "version": "1.67.0",
      "resolved": "https://registry.npmjs.org/@oxlint/binding-linux-arm-musleabihf/-/binding-linux-arm-musleabihf-1.67.0.tgz",
      "integrity": "sha512-XYAv0esBDX7BpTzRDjVX2Vdj+zndd8ll2dFQiaeQ6zTZr7A8GRDTN7fH3FP3jU+O0vCDx85oH/EtG7BzPgAXuw==",
      "cpu": [
        "arm"
      ],
      "license": "MIT",
      "optional": true,
      "os": [
        "linux"
      ],
      "engines": {
        "node": "^20.19.0 || >=22.12.0"
      }
    },
    "node_modules/@oxlint/binding-linux-arm64-gnu": {
      "version": "1.67.0",
      "resolved": "https://registry.npmjs.org/@oxlint/binding-linux-arm64-gnu/-/binding-linux-arm64-gnu-1.67.0.tgz",
      "integrity": "sha512-zizRMjA0i6u/2B0evgda04iycu+MoNuf1pBy6Eh+1CjC5wMEG7qN5zdDKTCvFc0KSYSDM9QTG3gjZHirgtQuKg==",
      "cpu": [
        "arm64"
      ],
      "license": "MIT",
      "optional": true,
      "os": [
        "linux"
      ],
      "engines": {
        "node": "^20.19.0 || >=22.12.0"
      }
    },
    "node_modules/@oxlint/binding-linux-arm64-musl": {
      "version": "1.67.0",
      "resolved": "https://registry.npmjs.org/@oxlint/binding-linux-arm64-musl/-/binding-linux-arm64-musl-1.67.0.tgz",
      "integrity": "sha512-zB/Tf6sUjmmvvbva9Gj3JTJ8rJ9t4I8/U0o6vSRtd0DRIsIuyegBwJAzhSUFQHdMijIRJkW0exs/yBhpw2S20w==",
      "cpu": [
        "arm64"
      ],
      "license": "MIT",
      "optional": true,
      "os": [
        "linux"
      ],
      "engines": {
        "node": "^20.19.0 || >=22.12.0"
      }
    },
    "node_modules/@oxlint/binding-linux-ppc64-gnu": {
      "version": "1.67.0",
      "resolved": "https://registry.npmjs.org/@oxlint/binding-linux-ppc64-gnu/-/binding-linux-ppc64-gnu-1.67.0.tgz",
      "integrity": "sha512-kgU40Gt74CK0TCsF51KZymkIwN9U0BajKsMijB52zPqOeZU9NAHkA/NSQkZDHEaCakx42DxhXkODiAqf2b4Gug==",
      "cpu": [
        "ppc64"
      ],
      "license": "MIT",
      "optional": true,
      "os": [
        "linux"
      ],
      "engines": {
        "node": "^20.19.0 || >=22.12.0"
      }
    },
    "node_modules/@oxlint/binding-linux-riscv64-gnu": {
      "version": "1.67.0",
      "resolved": "https://registry.npmjs.org/@oxlint/binding-linux-riscv64-gnu/-/binding-linux-riscv64-gnu-1.67.0.tgz",
      "integrity": "sha512-tOYhkk/iaG9aD3FvGpBFd1Lrw0x0RaVoJBxjUkfNzS50rC5NS5BteNCwgr8A2zCdADrIIoze6D7u6U5Ic++/iQ==",
      "cpu": [
        "riscv64"
      ],
      "license": "MIT",
      "optional": true,
      "os": [
        "linux"
      ],
      "engines": {
        "node": "^20.19.0 || >=22.12.0"
      }
    },
    "node_modules/@oxlint/binding-linux-riscv64-musl": {
      "version": "1.67.0",
      "resolved": "https://registry.npmjs.org/@oxlint/binding-linux-riscv64-musl/-/binding-linux-riscv64-musl-1.67.0.tgz",
      "integrity": "sha512-sEtywrPb+0b+tHYl1SDCrw903fiC4eyKoNqzP3v+f2JT3Xcv4NEYG+P8rj+eEnX7IWhqV/xj8/JmcmVj21CXaA==",
      "cpu": [
        "riscv64"
      ],
      "license": "MIT",
      "optional": true,
      "os": [
        "linux"
      ],
      "engines": {
        "node": "^20.19.0 || >=22.12.0"
      }
    },
    "node_modules/@oxlint/binding-linux-s390x-gnu": {
      "version": "1.67.0",
      "resolved": "https://registry.npmjs.org/@oxlint/binding-linux-s390x-gnu/-/binding-linux-s390x-gnu-1.67.0.tgz",
      "integrity": "sha512-BvR8Moa0zCLxroOx4vZaZN9nUfwAUpSTwjZdxZyKy4bv3PrzrXrxKR/ZQ0L9wNSvlPhnMJeZfa3q5w6ZCTuN6Q==",
      "cpu": [
        "s390x"
      ],
      "license": "MIT",
      "optional": true,
      "os": [
        "linux"
      ],
      "engines": {
        "node": "^20.19.0 || >=22.12.0"
      }
    },
    "node_modules/@oxlint/binding-linux-x64-gnu": {
      "version": "1.67.0",
      "resolved": "https://registry.npmjs.org/@oxlint/binding-linux-x64-gnu/-/binding-linux-x64-gnu-1.67.0.tgz",
      "integrity": "sha512-mm2cxM6fksOpq6l0uFws8BUGKAR4dNa/cZCn37Npq7PFbhD5HDJqWfnoIvTaeRKMy5XdS2tO0MA0qbHDrnXAAA==",
      "cpu": [
        "x64"
      ],
      "license": "MIT",
      "optional": true,
      "os": [
        "linux"
      ],
      "engines": {
        "node": "^20.19.0 || >=22.12.0"
      }
    },
    "node_modules/@oxlint/binding-linux-x64-musl": {
      "version": "1.67.0",
      "resolved": "https://registry.npmjs.org/@oxlint/binding-linux-x64-musl/-/binding-linux-x64-musl-1.67.0.tgz",
      "integrity": "sha512-WmbMuLapKyDlobMkXAaAL0Y+Uczh4LETfIfQsUpbId4Ip8Ai82/jqeYTOoUCkuuhBFapgqP253+d83tLKOksJg==",
      "cpu": [
        "x64"
      ],
      "license": "MIT",
      "optional": true,
      "os": [
        "linux"
      ],
      "engines": {
        "node": "^20.19.0 || >=22.12.0"
      }
    },
    "node_modules/@oxlint/binding-openharmony-arm64": {
      "version": "1.67.0",
      "resolved": "https://registry.npmjs.org/@oxlint/binding-openharmony-arm64/-/binding-openharmony-arm64-1.67.0.tgz",
      "integrity": "sha512-9g/PqxYJelzzTAOR5Y+RiRqdeydhEuXv2KxNeFcAKQ7UsvnWSY1OP4MsuPMbTO2Pf70tz7mFhl1j13H3fyh+8g==",
      "cpu": [
        "arm64"
      ],
      "license": "MIT",
      "optional": true,
      "os": [
        "openharmony"
      ],
      "engines": {
        "node": "^20.19.0 || >=22.12.0"
      }
    },
    "node_modules/@oxlint/binding-win32-arm64-msvc": {
      "version": "1.67.0",
      "resolved": "https://registry.npmjs.org/@oxlint/binding-win32-arm64-msvc/-/binding-win32-arm64-msvc-1.67.0.tgz",
      "integrity": "sha512-2VhwE6Gatb0vJGnN0TBuQMbKCOiZlSQ/zJvVWYLK4a9d4iDiJOen/yVQkGpmsJ90MuH66fzi0kEKI0jRQMDxGA==",
      "cpu": [
        "arm64"
      ],
      "license": "MIT",
      "optional": true,
      "os": [
        "win32"
      ],
      "engines": {
        "node": "^20.19.0 || >=22.12.0"
      }
    },
    "node_modules/@oxlint/binding-win32-ia32-msvc": {
      "version": "1.67.0",
      "resolved": "https://registry.npmjs.org/@oxlint/binding-win32-ia32-msvc/-/binding-win32-ia32-msvc-1.67.0.tgz",
      "integrity": "sha512-EQ3VExXfeM1InbE5+JjufhZZTWy+kHUwgt3yZR7gQ47Je/mE0WspQPan0OJznh493L5anM210YNJtH1PXjTSFg==",
      "cpu": [
        "ia32"
      ],
      "license": "MIT",
      "optional": true,
      "os": [
        "win32"
      ],
      "engines": {
        "node": "^20.19.0 || >=22.12.0"
      }
    },
    "node_modules/@oxlint/binding-win32-x64-msvc": {
      "version": "1.67.0",
      "resolved": "https://registry.npmjs.org/@oxlint/binding-win32-x64-msvc/-/binding-win32-x64-msvc-1.67.0.tgz",
      "integrity": "sha512-bw24y+/1MHS4QDkons3YyHkPT9uCMoLHHgQhb+mb8NOjTYwub1CZ+K9Ngr8aO5DMrDrkqHwTzlTwFP2vS8Y/ZQ==",
      "cpu": [
        "x64"
      ],
      "license": "MIT",
      "optional": true,
      "os": [
        "win32"
      ],
      "engines": {
        "node": "^20.19.0 || >=22.12.0"
      }
    },
    "node_modules/@tybys/wasm-util": {
      "version": "0.10.2",
      "resolved": "https://registry.npmjs.org/@tybys/wasm-util/-/wasm-util-0.10.2.tgz",
      "integrity": "sha512-RoBvJ2X0wuKlWFIjrwffGw1IqZHKQqzIchKaadZZfnNpsAYp2mM0h36JtPCjNDAHGgYez/15uMBpfGwchhiMgg==",
      "license": "MIT",
      "optional": true,
      "dependencies": {
        "tslib": "^2.4.0"
      }
    },
    "node_modules/oxc-parser": {
      "version": "0.133.0",
      "resolved": "https://registry.npmjs.org/oxc-parser/-/oxc-parser-0.133.0.tgz",
      "integrity": "sha512-661RSx+ZcjBmjBYid+Fpp/2F5EbtildpeoZh5HdgnGs+jZ03nqQEQW8yGkt4BGyOC3OMPDQQRl8M5kqD2/g6jw==",
      "license": "MIT",
      "dependencies": {
        "@oxc-project/types": "^0.133.0"
      },
      "engines": {
        "node": "^20.19.0 || >=22.12.0"
      },
      "funding": {
        "url": "https://github.com/sponsors/Boshen"
      },
      "optionalDependencies": {
        "@oxc-parser/binding-android-arm-eabi": "0.133.0",
        "@oxc-parser/binding-android-arm64": "0.133.0",
        "@oxc-parser/binding-darwin-arm64": "0.133.0",
        "@oxc-parser/binding-darwin-x64": "0.133.0",
        "@oxc-parser/binding-freebsd-x64": "0.133.0",
        "@oxc-parser/binding-linux-arm-gnueabihf": "0.133.0",
        "@oxc-parser/binding-linux-arm-musleabihf": "0.133.0",
        "@oxc-parser/binding-linux-arm64-gnu": "0.133.0",
        "@oxc-parser/binding-linux-arm64-musl": "0.133.0",
        "@oxc-parser/binding-linux-ppc64-gnu": "0.133.0",
        "@oxc-parser/binding-linux-riscv64-gnu": "0.133.0",
        "@oxc-parser/binding-linux-riscv64-musl": "0.133.0",
        "@oxc-parser/binding-linux-s390x-gnu": "0.133.0",
        "@oxc-parser/binding-linux-x64-gnu": "0.133.0",
        "@oxc-parser/binding-linux-x64-musl": "0.133.0",
        "@oxc-parser/binding-openharmony-arm64": "0.133.0",
        "@oxc-parser/binding-wasm32-wasi": "0.133.0",
        "@oxc-parser/binding-win32-arm64-msvc": "0.133.0",
        "@oxc-parser/binding-win32-ia32-msvc": "0.133.0",
        "@oxc-parser/binding-win32-x64-msvc": "0.133.0"
      }
    },
    "node_modules/oxlint": {
      "version": "1.67.0",
      "resolved": "https://registry.npmjs.org/oxlint/-/oxlint-1.67.0.tgz",
      "integrity": "sha512-blwwaHPdoH8piQ5/z0KHeoHFR7FZgl12WluKJfu4qFLPkZl6mK04PkLE45Fw1NxfBRSlh40Gu7MkxHUw++ociQ==",
      "license": "MIT",
      "bin": {
        "oxlint": "bin/oxlint"
      },
      "engines": {
        "node": "^20.19.0 || >=22.12.0"
      },
      "funding": {
        "url": "https://github.com/sponsors/Boshen"
      },
      "optionalDependencies": {
        "@oxlint/binding-android-arm-eabi": "1.67.0",
        "@oxlint/binding-android-arm64": "1.67.0",
        "@oxlint/binding-darwin-arm64": "1.67.0",
        "@oxlint/binding-darwin-x64": "1.67.0",
        "@oxlint/binding-freebsd-x64": "1.67.0",
        "@oxlint/binding-linux-arm-gnueabihf": "1.67.0",
        "@oxlint/binding-linux-arm-musleabihf": "1.67.0",
        "@oxlint/binding-linux-arm64-gnu": "1.67.0",
        "@oxlint/binding-linux-arm64-musl": "1.67.0",
        "@oxlint/binding-linux-ppc64-gnu": "1.67.0",
        "@oxlint/binding-linux-riscv64-gnu": "1.67.0",
        "@oxlint/binding-linux-riscv64-musl": "1.67.0",
        "@oxlint/binding-linux-s390x-gnu": "1.67.0",
        "@oxlint/binding-linux-x64-gnu": "1.67.0",
        "@oxlint/binding-linux-x64-musl": "1.67.0",
        "@oxlint/binding-openharmony-arm64": "1.67.0",
        "@oxlint/binding-win32-arm64-msvc": "1.67.0",
        "@oxlint/binding-win32-ia32-msvc": "1.67.0",
        "@oxlint/binding-win32-x64-msvc": "1.67.0"
      },
      "peerDependencies": {
        "oxlint-tsgolint": ">=0.22.1",
        "vite-plus": "*"
      },
      "peerDependenciesMeta": {
        "oxlint-tsgolint": {
          "optional": true
        },
        "vite-plus": {
          "optional": true
        }
      }
    },
    "node_modules/tslib": {
      "version": "2.8.1",
      "resolved": "https://registry.npmjs.org/tslib/-/tslib-2.8.1.tgz",
      "integrity": "sha512-oJFu94HQb+KVduSUQL7wnpmqnfmLsOA/nAh6b6EH0wCEoK0/mPeXU6c3wKDV83MkOuHPRHtSXKKU99IBazS/2w==",
      "license": "0BSD",
      "optional": true
    }
  }
}
